// !$*UTF8*$!
{
	archiveVersion = 1;
	classes = {
	};
	objectVersion = 46;
	objects = {

/* Begin PBXBuildFile section */
		BCDB91C318AC727D009A49FF /* UIKit.framework in Frameworks */ = {isa = PBXBuildFile; fileRef = BCDB91C218AC727D009A49FF /* UIKit.framework */; };
		BCDB91C518AC727D009A49FF /* Foundation.framework in Frameworks */ = {isa = PBXBuildFile; fileRef = BCDB91C418AC727D009A49FF /* Foundation.framework */; };
		BCDB91C718AC727D009A49FF /* CoreGraphics.framework in Frameworks */ = {isa = PBXBuildFile; fileRef = BCDB91C618AC727D009A49FF /* CoreGraphics.framework */; };
		BCDB91CD18AC727D009A49FF /* InfoPlist.strings in Resources */ = {isa = PBXBuildFile; fileRef = BCDB91CB18AC727D009A49FF /* InfoPlist.strings */; };
		BCDB91CF18AC727D009A49FF /* main.m in Sources */ = {isa = PBXBuildFile; fileRef = BCDB91CE18AC727D009A49FF /* main.m */; };
		BCDB91D318AC727D009A49FF /* AppDelegate.m in Sources */ = {isa = PBXBuildFile; fileRef = BCDB91D218AC727D009A49FF /* AppDelegate.m */; };
		BCDB91D518AC727D009A49FF /* Default.png in Resources */ = {isa = PBXBuildFile; fileRef = BCDB91D418AC727D009A49FF /* Default.png */; };
		BCDB91D718AC727D009A49FF /* Default@2x.png in Resources */ = {isa = PBXBuildFile; fileRef = BCDB91D618AC727D009A49FF /* Default@2x.png */; };
		BCDB91D918AC727D009A49FF /* Default-568h@2x.png in Resources */ = {isa = PBXBuildFile; fileRef = BCDB91D818AC727D009A49FF /* Default-568h@2x.png */; };
		BCDB91DC18AC727D009A49FF /* ViewController.m in Sources */ = {isa = PBXBuildFile; fileRef = BCDB91DB18AC727D009A49FF /* ViewController.m */; };
		BCDB91DF18AC727D009A49FF /* ViewController.xib in Resources */ = {isa = PBXBuildFile; fileRef = BCDB91DD18AC727D009A49FF /* ViewController.xib */; };
		BCDB91EA18AC728B009A49FF /* AsyncSocket.m in Sources */ = {isa = PBXBuildFile; fileRef = BCDB91E718AC728B009A49FF /* AsyncSocket.m */; };
		BCDB91EB18AC728B009A49FF /* AsyncUdpSocket.m in Sources */ = {isa = PBXBuildFile; fileRef = BCDB91E918AC728B009A49FF /* AsyncUdpSocket.m */; };
		BCDB91ED18AC7297009A49FF /* CFNetwork.framework in Frameworks */ = {isa = PBXBuildFile; fileRef = BCDB91EC18AC7297009A49FF /* CFNetwork.framework */; };
/* End PBXBuildFile section */

/* Begin PBXFileReference section */
		BCDB91BF18AC727D009A49FF /* UDPDemo.app */ = {isa = PBXFileReference; explicitFileType = wrapper.application; includeInIndex = 0; path = UDPDemo.app; sourceTree = BUILT_PRODUCTS_DIR; };
		BCDB91C218AC727D009A49FF /* UIKit.framework */ = {isa = PBXFileReference; lastKnownFileType = wrapper.framework; name = UIKit.framework; path = System/Library/Frameworks/UIKit.framework; sourceTree = SDKROOT; };
		BCDB91C418AC727D009A49FF /* Foundation.framework */ = {isa = PBXFileReference; lastKnownFileType = wrapper.framework; name = Foundation.framework; path = System/Library/Frameworks/Foundation.framework; sourceTree = SDKROOT; };
		BCDB91C618AC727D009A49FF /* CoreGraphics.framework */ = {isa = PBXFileReference; lastKnownFileType = wrapper.framework; name = CoreGraphics.framework; path = System/Library/Frameworks/CoreGraphics.framework; sourceTree = SDKROOT; };
		BCDB91CA18AC727D009A49FF /* UDPDemo-Info.plist */ = {isa = PBXFileReference; lastKnownFileType = text.plist.xml; path = "UDPDemo-Info.plist"; sourceTree = "<group>"; };
		BCDB91CC18AC727D009A49FF /* en */ = {isa = PBXFileReference; lastKnownFileType = text.plist.strings; name = en; path = en.lproj/InfoPlist.strings; sourceTree = "<group>"; };
		BCDB91CE18AC727D009A49FF /* main.m */ = {isa = PBXFileReference; lastKnownFileType = sourcecode.c.objc; path = main.m; sourceTree = "<group>"; };
		BCDB91D018AC727D009A49FF /* UDPDemo-Prefix.pch */ = {isa = PBXFileReference; lastKnownFileType = sourcecode.c.h; path = "UDPDemo-Prefix.pch"; sourceTree = "<group>"; };
		BCDB91D118AC727D009A49FF /* AppDelegate.h */ = {isa = PBXFileReference; lastKnownFileType = sourcecode.c.h; path = AppDelegate.h; sourceTree = "<group>"; };
		BCDB91D218AC727D009A49FF /* AppDelegate.m */ = {isa = PBXFileReference; lastKnownFileType = sourcecode.c.objc; path = AppDelegate.m; sourceTree = "<group>"; };
		BCDB91D418AC727D009A49FF /* Default.png */ = {isa = PBXFileReference; lastKnownFileType = image.png; path = Default.png; sourceTree = "<group>"; };
		BCDB91D618AC727D009A49FF /* Default@2x.png */ = {isa = PBXFileReference; lastKnownFileType = image.png; path = "Default@2x.png"; sourceTree = "<group>"; };
		BCDB91D818AC727D009A49FF /* Default-568h@2x.png */ = {isa = PBXFileReference; lastKnownFileType = image.png; path = "Default-568h@2x.png"; sourceTree = "<group>"; };
		BCDB91DA18AC727D009A49FF /* ViewController.h */ = {isa = PBXFileReference; lastKnownFileType = sourcecode.c.h; path = ViewController.h; sourceTree = "<group>"; };
		BCDB91DB18AC727D009A49FF /* ViewController.m */ = {isa = PBXFileReference; lastKnownFileType = sourcecode.c.objc; path = ViewController.m; sourceTree = "<group>"; };
		BCDB91DE18AC727D009A49FF /* en */ = {isa = PBXFileReference; lastKnownFileType = file.xib; name = en; path = en.lproj/ViewController.xib; sourceTree = "<group>"; };
		BCDB91E618AC728B009A49FF /* AsyncSocket.h */ = {isa = PBXFileReference; fileEncoding = 4; lastKnownFileType = sourcecode.c.h; path = AsyncSocket.h; sourceTree = "<group>"; };
		BCDB91E718AC728B009A49FF /* AsyncSocket.m */ = {isa = PBXFileReference; fileEncoding = 4; lastKnownFileType = sourcecode.c.objc; path = AsyncSocket.m; sourceTree = "<group>"; };
		BCDB91E818AC728B009A49FF /* AsyncUdpSocket.h */ = {isa = PBXFileReference; fileEncoding = 4; lastKnownFileType = sourcecode.c.h; path = AsyncUdpSocket.h; sourceTree = "<group>"; };
		BCDB91E918AC728B009A49FF /* AsyncUdpSocket.m */ = {isa = PBXFileReference; fileEncoding = 4; lastKnownFileType = sourcecode.c.objc; path = AsyncUdpSocket.m; sourceTree = "<group>"; };
		BCDB91EC18AC7297009A49FF /* CFNetwork.framework */ = {isa = PBXFileReference; lastKnownFileType = wrapper.framework; name = CFNetwork.framework; path = System/Library/Frameworks/CFNetwork.framework; sourceTree = SDKROOT; };
/* End PBXFileReference section */

/* Begin PBXFrameworksBuildPhase section */
		BCDB91BC18AC727D009A49FF /* Frameworks */ = {
			isa = PBXFrameworksBuildPhase;
			buildActionMask = 2147483647;
			files = (
				BCDB91ED18AC7297009A49FF /* CFNetwork.framework in Frameworks */,
				BCDB91C318AC727D009A49FF /* UIKit.framework in Frameworks */,
				BCDB91C518AC727D009A49FF /* Foundation.framework in Frameworks */,
				BCDB91C718AC727D009A49FF /* CoreGraphics.framework in Frameworks */,
			);
			runOnlyForDeploymentPostprocessing = 0;
		};
/* End PBXFrameworksBuildPhase section */

/* Begin PBXGroup section */
		BCDB91B618AC727D009A49FF = {
			isa = PBXGroup;
			children = (
				BCDB91EC18AC7297009A49FF /* CFNetwork.framework */,
				BCDB91E518AC728B009A49FF /* AsyncSocket */,
				BCDB91C818AC727D009A49FF /* UDPDemo */,
				BCDB91C118AC727D009A49FF /* Frameworks */,
				BCDB91C018AC727D009A49FF /* Products */,
			);
			sourceTree = "<group>";
		};
		BCDB91C018AC727D009A49FF /* Products */ = {
			isa = PBXGroup;
			children = (
				BCDB91BF18AC727D009A49FF /* UDPDemo.app */,
			);
			name = Products;
			sourceTree = "<group>";
		};
		BCDB91C118AC727D009A49FF /* Frameworks */ = {
			isa = PBXGroup;
			children = (
				BCDB91C218AC727D009A49FF /* UIKit.framework */,
				BCDB91C418AC727D009A49FF /* Foundation.framework */,
				BCDB91C618AC727D009A49FF /* CoreGraphics.framework */,
			);
			name = Frameworks;
			sourceTree = "<group>";
		};
		BCDB91C818AC727D009A49FF /* UDPDemo */ = {
			isa = PBXGroup;
			children = (
				BCDB91D118AC727D009A49FF /* AppDelegate.h */,
				BCDB91D218AC727D009A49FF /* AppDelegate.m */,
				BCDB91DA18AC727D009A49FF /* ViewController.h */,
				BCDB91DB18AC727D009A49FF /* ViewController.m */,
				BCDB91DD18AC727D009A49FF /* ViewController.xib */,
				BCDB91C918AC727D009A49FF /* Supporting Files */,
			);
			path = UDPDemo;
			sourceTree = "<group>";
		};
		BCDB91C918AC727D009A49FF /* Supporting Files */ = {
			isa = PBXGroup;
			children = (
				BCDB91CA18AC727D009A49FF /* UDPDemo-Info.plist */,
				BCDB91CB18AC727D009A49FF /* InfoPlist.strings */,
				BCDB91CE18AC727D009A49FF /* main.m */,
				BCDB91D018AC727D009A49FF /* UDPDemo-Prefix.pch */,
				BCDB91D418AC727D009A49FF /* Default.png */,
				BCDB91D618AC727D009A49FF /* Default@2x.png */,
				BCDB91D818AC727D009A49FF /* Default-568h@2x.png */,
			);
			name = "Supporting Files";
			sourceTree = "<group>";
		};
		BCDB91E518AC728B009A49FF /* AsyncSocket */ = {
			isa = PBXGroup;
			children = (
				BCDB91E618AC728B009A49FF /* AsyncSocket.h */,
				BCDB91E718AC728B009A49FF /* AsyncSocket.m */,
				BCDB91E818AC728B009A49FF /* AsyncUdpSocket.h */,
				BCDB91E918AC728B009A49FF /* AsyncUdpSocket.m */,
			);
			path = AsyncSocket;
			sourceTree = "<group>";
		};
/* End PBXGroup section */

/* Begin PBXNativeTarget section */
		BCDB91BE18AC727D009A49FF /* UDPDemo */ = {
			isa = PBXNativeTarget;
			buildConfigurationList = BCDB91E218AC727D009A49FF /* Build configuration list for PBXNativeTarget "UDPDemo" */;
			buildPhases = (
				BCDB91BB18AC727D009A49FF /* Sources */,
				BCDB91BC18AC727D009A49FF /* Frameworks */,
				BCDB91BD18AC727D009A49FF /* Resources */,
			);
			buildRules = (
			);
			dependencies = (
			);
			name = UDPDemo;
			productName = UDPDemo;
			productReference = BCDB91BF18AC727D009A49FF /* UDPDemo.app */;
			productType = "com.apple.product-type.application";
		};
/* End PBXNativeTarget section */

/* Begin PBXProject section */
		BCDB91B718AC727D009A49FF /* Project object */ = {
			isa = PBXProject;
			attributes = {
				LastUpgradeCheck = 0460;
				ORGANIZATIONNAME = qianfeng;
			};
			buildConfigurationList = BCDB91BA18AC727D009A49FF /* Build configuration list for PBXProject "UDPDemo" */;
			compatibilityVersion = "Xcode 3.2";
			developmentRegion = English;
			hasScannedForEncodings = 0;
			knownRegions = (
				en,
			);
			mainGroup = BCDB91B618AC727D009A49FF;
			productRefGroup = BCDB91C018AC727D009A49FF /* Products */;
			projectDirPath = "";
			projectRoot = "";
			targets = (
				BCDB91BE18AC727D009A49FF /* UDPDemo */,
			);
		};
/* End PBXProject section */

/* Begin PBXResourcesBuildPhase section */
		BCDB91BD18AC727D009A49FF /* Resources */ = {
			isa = PBXResourcesBuildPhase;
			buildActionMask = 2147483647;
			files = (
				BCDB91CD18AC727D009A49FF /* InfoPlist.strings in Resources */,
				BCDB91D518AC727D009A49FF /* Default.png in Resources */,
				BCDB91D718AC727D009A49FF /* Default@2x.png in Resources */,
				BCDB91D918AC727D009A49FF /* Default-568h@2x.png in Resources */,
				BCDB91DF18AC727D009A49FF /* ViewController.xib in Resources */,
			);
			runOnlyForDeploymentPostprocessing = 0;
		};
/* End PBXResourcesBuildPhase section */

/* Begin PBXSourcesBuildPhase section */
		BCDB91BB18AC727D009A49FF /* Sources */ = {
			isa = PBXSourcesBuildPhase;
			buildActionMask = 2147483647;
			files = (
				BCDB91CF18AC727D009A49FF /* main.m in Sources */,
				BCDB91D318AC727D009A49FF /* AppDelegate.m in Sources */,
				BCDB91DC18AC727D009A49FF /* ViewController.m in Sources */,
				BCDB91EA18AC728B009A49FF /* AsyncSocket.m in Sources */,
				BCDB91EB18AC728B009A49FF /* AsyncUdpSocket.m in Sources */,
			);
			runOnlyForDeploymentPostprocessing = 0;
		};
/* End PBXSourcesBuildPhase section */

/* Begin PBXVariantGroup section */
		BCDB91CB18AC727D009A49FF /* InfoPlist.strings */ = {
			isa = PBXVariantGroup;
			children = (
				BCDB91CC18AC727D009A49FF /* en */,
			);
			name = InfoPlist.strings;
			sourceTree = "<group>";
		};
		BCDB91DD18AC727D009A49FF /* ViewController.xib */ = {
			isa = PBXVariantGroup;
			children = (
				BCDB91DE18AC727D009A49FF /* en */,
			);
			name = ViewController.xib;
			sourceTree = "<group>";
		};
/* End PBXVariantGroup section */

/* Begin XCBuildConfiguration section */
		BCDB91E018AC727D009A49FF /* Debug */ = {
			isa = XCBuildConfiguration;
			buildSettings = {
				ALWAYS_SEARCH_USER_PATHS = NO;
				CLANG_CXX_LANGUAGE_STANDARD = "gnu++0x";
				CLANG_CXX_LIBRARY = "libc++";
				CLANG_WARN_CONSTANT_CONVERSION = YES;
				CLANG_WARN_EMPTY_BODY = YES;
				CLANG_WARN_ENUM_CONVERSION = YES;
				CLANG_WARN_INT_CONVERSION = YES;
				CLANG_WARN__DUPLICATE_METHOD_MATCH = YES;
				"CODE_SIGN_IDENTITY[sdk=iphoneos*]" = "iPhone Developer";
				COPY_PHASE_STRIP = NO;
				GCC_C_LANGUAGE_STANDARD = gnu99;
				GCC_DYNAMIC_NO_PIC = NO;
				GCC_OPTIMIZATION_LEVEL = 0;
				GCC_PREPROCESSOR_DEFINITIONS = (
					"DEBUG=1",
					"$(inherited)",
				);
				GCC_SYMBOLS_PRIVATE_EXTERN = NO;
				GCC_WARN_ABOUT_RETURN_TYPE = YES;
				GCC_WARN_UNINITIALIZED_AUTOS = YES;
				GCC_WARN_UNUSED_VARIABLE = YES;
				IPHONEOS_DEPLOYMENT_TARGET = 6.1;
				ONLY_ACTIVE_ARCH = YES;
				SDKROOT = iphoneos;
			};
			name = Debug;
		};
		BCDB91E118AC727D009A49FF /* Release */ = {
			isa = XCBuildConfiguration;
			buildSettings = {
				ALWAYS_SEARCH_USER_PATHS = NO;
				CLANG_CXX_LANGUAGE_STANDARD = "gnu++0x";
				CLANG_CXX_LIBRARY = "libc++";
				CLANG_WARN_CONSTANT_CONVERSION = YES;
				CLANG_WARN_EMPTY_BODY = YES;
				CLANG_WARN_ENUM_CONVERSION = YES;
				CLANG_WARN_INT_CONVERSION = YES;
				CLANG_WARN__DUPLICATE_METHOD_MATCH = YES;
				"CODE_SIGN_IDENTITY[sdk=iphoneos*]" = "iPhone Developer";
				COPY_PHASE_STRIP = YES;
				GCC_C_LANGUAGE_STANDARD = gnu99;
				GCC_WARN_ABOUT_RETURN_TYPE = YES;
				GCC_WARN_UNINITIALIZED_AUTOS = YES;
				GCC_WARN_UNUSED_VARIABLE = YES;
				IPHONEOS_DEPLOYMENT_TARGET = 6.1;
				OTHER_CFLAGS = "-DNS_BLOCK_ASSERTIONS=1";
				SDKROOT = iphoneos;
				VALIDATE_PRODUCT = YES;
			};
			name = Release;
		};
		BCDB91E318AC727D009A49FF /* Debug */ = {
			isa = XCBuildConfiguration;
			buildSettings = {
				GCC_PRECOMPILE_PREFIX_HEADER = YES;
				GCC_PREFIX_HEADER = "UDPDemo/UDPDemo-Prefix.pch";
				INFOPLIST_FILE = "UDPDemo/UDPDemo-Info.plist";
				PRODUCT_NAME = "$(TARGET_NAME)";
				WRAPPER_EXTENSION = app;
			};
			name = Debug;
		};
		BCDB91E418AC727D009A49FF /* Release */ = {
			isa = XCBuildConfiguration;
			buildSettings = {
				GCC_PRECOMPILE_PREFIX_HEADER = YES;
				GCC_PREFIX_HEADER = "UDPDemo/UDPDemo-Prefix.pch";
				INFOPLIST_FILE = "UDPDemo/UDPDemo-Info.plist";
				PRODUCT_NAME = "$(TARGET_NAME)";
				WRAPPER_EXTENSION = app;
			};
			name = Release;
		};
/* End XCBuildConfiguration section */

/* Begin XCConfigurationList section */
		BCDB91BA18AC727D009A49FF /* Build configuration list for PBXProject "UDPDemo" */ = {
			isa = XCConfigurationList;
			buildConfigurations = (
				BCDB91E018AC727D009A49FF /* Debug */,
				BCDB91E118AC727D009A49FF /* Release */,
			);
			defaultConfigurationIsVisible = 0;
			defaultConfigurationName = Release;
		};
		BCDB91E218AC727D009A49FF /* Build configuration list for PBXNativeTarget "UDPDemo" */ = {
			isa = XCConfigurationList;
			buildConfigurations = (
				BCDB91E318AC727D009A49FF /* Debug */,
				BCDB91E418AC727D009A49FF /* Release */,
			);
			defaultConfigurationIsVisible = 0;
		};
/* End XCConfigurationList section */
	};
	rootObject = BCDB91B718AC727D009A49FF /* Project object */;
}
